// !$*UTF8*$!
{
	archiveVersion = 1;
	classes = {
	};
	objectVersion = 50;
	objects = {

/* Begin PBXBuildFile section */
		099CF45685D89845580DA542 /* Pods_StatesAndTerritoriesUITests.framework in Frameworks */ = {isa = PBXBuildFile; fileRef = 9CCCE3C91024CCC9C37123FB /* Pods_StatesAndTerritoriesUITests.framework */; };
		119B4D1C219CE7C300822507 /* AppDelegate.swift in Sources */ = {isa = PBXBuildFile; fileRef = 119B4D1B219CE7C300822507 /* AppDelegate.swift */; };
		119B4D1E219CE7C300822507 /* StatesViewController.swift in Sources */ = {isa = PBXBuildFile; fileRef = 119B4D1D219CE7C300822507 /* StatesViewController.swift */; };
		119B4D21219CE7C300822507 /* Main.storyboard in Resources */ = {isa = PBXBuildFile; fileRef = 119B4D1F219CE7C300822507 /* Main.storyboard */; };
		119B4D23219CE7C300822507 /* Assets.xcassets in Resources */ = {isa = PBXBuildFile; fileRef = 119B4D22219CE7C300822507 /* Assets.xcassets */; };
		119B4D26219CE7C300822507 /* LaunchScreen.storyboard in Resources */ = {isa = PBXBuildFile; fileRef = 119B4D24219CE7C300822507 /* LaunchScreen.storyboard */; };
		119B4D31219CE7C300822507 /* StatesAndTerritoriesTests.swift in Sources */ = {isa = PBXBuildFile; fileRef = 119B4D30219CE7C300822507 /* StatesAndTerritoriesTests.swift */; };
		119B4D3C219CE7C300822507 /* StatesAndTerritoriesUITests.swift in Sources */ = {isa = PBXBuildFile; fileRef = 119B4D3B219CE7C300822507 /* StatesAndTerritoriesUITests.swift */; };
		119B4D4C219CE7E600822507 /* Model.xcdatamodeld in Sources */ = {isa = PBXBuildFile; fileRef = 119B4D4A219CE7E600822507 /* Model.xcdatamodeld */; };
		119B4D4D219CE7E600822507 /* Model.xcdatamodeld in Sources */ = {isa = PBXBuildFile; fileRef = 119B4D4A219CE7E600822507 /* Model.xcdatamodeld */; };
		119B4D4E219CE7E600822507 /* Model.xcdatamodeld in Sources */ = {isa = PBXBuildFile; fileRef = 119B4D4A219CE7E600822507 /* Model.xcdatamodeld */; };
		119B4D51219CE96B00822507 /* State+CoreDataClass.swift in Sources */ = {isa = PBXBuildFile; fileRef = 119B4D4F219CE96B00822507 /* State+CoreDataClass.swift */; };
		119B4D52219CE96B00822507 /* State+CoreDataClass.swift in Sources */ = {isa = PBXBuildFile; fileRef = 119B4D4F219CE96B00822507 /* State+CoreDataClass.swift */; };
		119B4D53219CE96B00822507 /* State+CoreDataClass.swift in Sources */ = {isa = PBXBuildFile; fileRef = 119B4D4F219CE96B00822507 /* State+CoreDataClass.swift */; };
		119B4D54219CE96B00822507 /* State+CoreDataProperties.swift in Sources */ = {isa = PBXBuildFile; fileRef = 119B4D50219CE96B00822507 /* State+CoreDataProperties.swift */; };
		119B4D55219CE96B00822507 /* State+CoreDataProperties.swift in Sources */ = {isa = PBXBuildFile; fileRef = 119B4D50219CE96B00822507 /* State+CoreDataProperties.swift */; };
		119B4D56219CE96B00822507 /* State+CoreDataProperties.swift in Sources */ = {isa = PBXBuildFile; fileRef = 119B4D50219CE96B00822507 /* State+CoreDataProperties.swift */; };
		119B4D5A219CFADA00822507 /* StatesViewModel.swift in Sources */ = {isa = PBXBuildFile; fileRef = 119B4D59219CFADA00822507 /* StatesViewModel.swift */; };
		119B4D5B219CFADA00822507 /* StatesViewModel.swift in Sources */ = {isa = PBXBuildFile; fileRef = 119B4D59219CFADA00822507 /* StatesViewModel.swift */; };
		119B4D5C219CFADA00822507 /* StatesViewModel.swift in Sources */ = {isa = PBXBuildFile; fileRef = 119B4D59219CFADA00822507 /* StatesViewModel.swift */; };
		119B4D60219CFD9300822507 /* CoreDataAPI.swift in Sources */ = {isa = PBXBuildFile; fileRef = 119B4D5E219CFD9300822507 /* CoreDataAPI.swift */; };
		119B4D61219CFD9300822507 /* CoreDataAPI.swift in Sources */ = {isa = PBXBuildFile; fileRef = 119B4D5E219CFD9300822507 /* CoreDataAPI.swift */; };
		119B4D62219CFD9300822507 /* CoreDataAPI.swift in Sources */ = {isa = PBXBuildFile; fileRef = 119B4D5E219CFD9300822507 /* CoreDataAPI.swift */; };
		119B4D63219CFD9300822507 /* WebServiceAPI.swift in Sources */ = {isa = PBXBuildFile; fileRef = 119B4D5F219CFD9300822507 /* WebServiceAPI.swift */; };
		119B4D64219CFD9300822507 /* WebServiceAPI.swift in Sources */ = {isa = PBXBuildFile; fileRef = 119B4D5F219CFD9300822507 /* WebServiceAPI.swift */; };
		119B4D65219CFD9300822507 /* WebServiceAPI.swift in Sources */ = {isa = PBXBuildFile; fileRef = 119B4D5F219CFD9300822507 /* WebServiceAPI.swift */; };
		119B4D67219D099500822507 /* String+KMtoMiles.swift in Sources */ = {isa = PBXBuildFile; fileRef = 119B4D66219D099500822507 /* String+KMtoMiles.swift */; };
		119B4D68219D099500822507 /* String+KMtoMiles.swift in Sources */ = {isa = PBXBuildFile; fileRef = 119B4D66219D099500822507 /* String+KMtoMiles.swift */; };
		119B4D69219D099500822507 /* String+KMtoMiles.swift in Sources */ = {isa = PBXBuildFile; fileRef = 119B4D66219D099500822507 /* String+KMtoMiles.swift */; };
		119B4D73219D0CD600822507 /* JRStatesCell.framework in Frameworks */ = {isa = PBXBuildFile; fileRef = 119B4D70219D0C7600822507 /* JRStatesCell.framework */; };
		119B4D74219D0CD600822507 /* JRStatesCell.framework in Embed Frameworks */ = {isa = PBXBuildFile; fileRef = 119B4D70219D0C7600822507 /* JRStatesCell.framework */; settings = {ATTRIBUTES = (CodeSignOnCopy, RemoveHeadersOnCopy, ); }; };
		54D83B0854F0D58D7A7F6E1D /* Pods_StatesAndTerritoriesTests.framework in Frameworks */ = {isa = PBXBuildFile; fileRef = E0911CDCF58C2BC50D28CD40 /* Pods_StatesAndTerritoriesTests.framework */; };
		974875B642E47455525A072A /* Pods_StatesAndTerritories.framework in Frameworks */ = {isa = PBXBuildFile; fileRef = 59EE457D187370CCE5D8EC23 /* Pods_StatesAndTerritories.framework */; };
/* End PBXBuildFile section */

/* Begin PBXContainerItemProxy section */
		119B4D2D219CE7C300822507 /* PBXContainerItemProxy */ = {
			isa = PBXContainerItemProxy;
			containerPortal = 119B4D10219CE7C300822507 /* Project object */;
			proxyType = 1;
			remoteGlobalIDString = 119B4D17219CE7C300822507;
			remoteInfo = StatesAndTerritories;
		};
		119B4D38219CE7C300822507 /* PBXContainerItemProxy */ = {
			isa = PBXContainerItemProxy;
			containerPortal = 119B4D10219CE7C300822507 /* Project object */;
			proxyType = 1;
			remoteGlobalIDString = 119B4D17219CE7C300822507;
			remoteInfo = StatesAndTerritories;
		};
		119B4D6F219D0C7600822507 /* PBXContainerItemProxy */ = {
			isa = PBXContainerItemProxy;
			containerPortal = 119B4D6A219D0C7600822507 /* JRStatesCell.xcodeproj */;
			proxyType = 2;
			remoteGlobalIDString = 119B4CEF219CE4E100822507;
			remoteInfo = JRStatesCell;
		};
		119B4D71219D0C7600822507 /* PBXContainerItemProxy */ = {
			isa = PBXContainerItemProxy;
			containerPortal = 119B4D6A219D0C7600822507 /* JRStatesCell.xcodeproj */;
			proxyType = 2;
			remoteGlobalIDString = 119B4CF8219CE4E100822507;
			remoteInfo = JRStatesCellTests;
		};
		119B4D75219D0CD600822507 /* PBXContainerItemProxy */ = {
			isa = PBXContainerItemProxy;
			containerPortal = 119B4D6A219D0C7600822507 /* JRStatesCell.xcodeproj */;
			proxyType = 1;
			remoteGlobalIDString = 119B4CEE219CE4E100822507;
			remoteInfo = JRStatesCell;
		};
/* End PBXContainerItemProxy section */

/* Begin PBXCopyFilesBuildPhase section */
		119B4D77219D0CD600822507 /* Embed Frameworks */ = {
			isa = PBXCopyFilesBuildPhase;
			buildActionMask = 2147483647;
			dstPath = "";
			dstSubfolderSpec = 10;
			files = (
				119B4D74219D0CD600822507 /* JRStatesCell.framework in Embed Frameworks */,
			);
			name = "Embed Frameworks";
			runOnlyForDeploymentPostprocessing = 0;
		};
/* End PBXCopyFilesBuildPhase section */

/* Begin PBXFileReference section */
		119B4D18219CE7C300822507 /* StatesAndTerritories.app */ = {isa = PBXFileReference; explicitFileType = wrapper.application; includeInIndex = 0; path = StatesAndTerritories.app; sourceTree = BUILT_PRODUCTS_DIR; };
		119B4D1B219CE7C300822507 /* AppDelegate.swift */ = {isa = PBXFileReference; lastKnownFileType = sourcecode.swift; path = AppDelegate.swift; sourceTree = "<group>"; };
		119B4D1D219CE7C300822507 /* StatesViewController.swift */ = {isa = PBXFileReference; lastKnownFileType = sourcecode.swift; path = StatesViewController.swift; sourceTree = "<group>"; };
		119B4D20219CE7C300822507 /* Base */ = {isa = PBXFileReference; lastKnownFileType = file.storyboard; name = Base; path = Base.lproj/Main.storyboard; sourceTree = "<group>"; };
		119B4D22219CE7C300822507 /* Assets.xcassets */ = {isa = PBXFileReference; lastKnownFileType = folder.assetcatalog; path = Assets.xcassets; sourceTree = "<group>"; };
		119B4D25219CE7C300822507 /* Base */ = {isa = PBXFileReference; lastKnownFileType = file.storyboard; name = Base; path = Base.lproj/LaunchScreen.storyboard; sourceTree = "<group>"; };
		119B4D27219CE7C300822507 /* Info.plist */ = {isa = PBXFileReference; lastKnownFileType = text.plist.xml; path = Info.plist; sourceTree = "<group>"; };
		119B4D2C219CE7C300822507 /* StatesAndTerritoriesTests.xctest */ = {isa = PBXFileReference; explicitFileType = wrapper.cfbundle; includeInIndex = 0; path = StatesAndTerritoriesTests.xctest; sourceTree = BUILT_PRODUCTS_DIR; };
		119B4D30219CE7C300822507 /* StatesAndTerritoriesTests.swift */ = {isa = PBXFileReference; lastKnownFileType = sourcecode.swift; path = StatesAndTerritoriesTests.swift; sourceTree = "<group>"; };
		119B4D32219CE7C300822507 /* Info.plist */ = {isa = PBXFileReference; lastKnownFileType = text.plist.xml; path = Info.plist; sourceTree = "<group>"; };
		119B4D37219CE7C300822507 /* StatesAndTerritoriesUITests.xctest */ = {isa = PBXFileReference; explicitFileType = wrapper.cfbundle; includeInIndex = 0; path = StatesAndTerritoriesUITests.xctest; sourceTree = BUILT_PRODUCTS_DIR; };
		119B4D3B219CE7C300822507 /* StatesAndTerritoriesUITests.swift */ = {isa = PBXFileReference; lastKnownFileType = sourcecode.swift; path = StatesAndTerritoriesUITests.swift; sourceTree = "<group>"; };
		119B4D3D219CE7C300822507 /* Info.plist */ = {isa = PBXFileReference; lastKnownFileType = text.plist.xml; path = Info.plist; sourceTree = "<group>"; };
		119B4D4B219CE7E600822507 /* Model.xcdatamodel */ = {isa = PBXFileReference; lastKnownFileType = wrapper.xcdatamodel; path = Model.xcdatamodel; sourceTree = "<group>"; };
		119B4D4F219CE96B00822507 /* State+CoreDataClass.swift */ = {isa = PBXFileReference; lastKnownFileType = sourcecode.swift; path = "State+CoreDataClass.swift"; sourceTree = "<group>"; };
		119B4D50219CE96B00822507 /* State+CoreDataProperties.swift */ = {isa = PBXFileReference; lastKnownFileType = sourcecode.swift; path = "State+CoreDataProperties.swift"; sourceTree = "<group>"; };
		119B4D59219CFADA00822507 /* StatesViewModel.swift */ = {isa = PBXFileReference; lastKnownFileType = sourcecode.swift; path = StatesViewModel.swift; sourceTree = "<group>"; };
		119B4D5E219CFD9300822507 /* CoreDataAPI.swift */ = {isa = PBXFileReference; fileEncoding = 4; lastKnownFileType = sourcecode.swift; path = CoreDataAPI.swift; sourceTree = "<group>"; };
		119B4D5F219CFD9300822507 /* WebServiceAPI.swift */ = {isa = PBXFileReference; fileEncoding = 4; lastKnownFileType = sourcecode.swift; path = WebServiceAPI.swift; sourceTree = "<group>"; };
		119B4D66219D099500822507 /* String+KMtoMiles.swift */ = {isa = PBXFileReference; lastKnownFileType = sourcecode.swift; path = "String+KMtoMiles.swift"; sourceTree = "<group>"; };
		119B4D6A219D0C7600822507 /* JRStatesCell.xcodeproj */ = {isa = PBXFileReference; lastKnownFileType = "wrapper.pb-project"; name = JRStatesCell.xcodeproj; path = ../JRStatesCell/JRStatesCell.xcodeproj; sourceTree = "<group>"; };
		18FA035A99B6355E6B160AA6 /* Pods-StatesAndTerritoriesTests.release.xcconfig */ = {isa = PBXFileReference; includeInIndex = 1; lastKnownFileType = text.xcconfig; name = "Pods-StatesAndTerritoriesTests.release.xcconfig"; path = "Pods/Target Support Files/Pods-StatesAndTerritoriesTests/Pods-StatesAndTerritoriesTests.release.xcconfig"; sourceTree = "<group>"; };
		1DA0C55910302689F3B2F318 /* Pods-StatesAndTerritoriesTests.debug.xcconfig */ = {isa = PBXFileReference; includeInIndex = 1; lastKnownFileType = text.xcconfig; name = "Pods-StatesAndTerritoriesTests.debug.xcconfig"; path = "Pods/Target Support Files/Pods-StatesAndTerritoriesTests/Pods-StatesAndTerritoriesTests.debug.xcconfig"; sourceTree = "<group>"; };
		37EBEEA1E09EAC22FD58B7DB /* Pods-StatesAndTerritories.debug.xcconfig */ = {isa = PBXFileReference; includeInIndex = 1; lastKnownFileType = text.xcconfig; name = "Pods-StatesAndTerritories.debug.xcconfig"; path = "Pods/Target Support Files/Pods-StatesAndTerritories/Pods-StatesAndTerritories.debug.xcconfig"; sourceTree = "<group>"; };
		59EE457D187370CCE5D8EC23 /* Pods_StatesAndTerritories.framework */ = {isa = PBXFileReference; explicitFileType = wrapper.framework; includeInIndex = 0; path = Pods_StatesAndTerritories.framework; sourceTree = BUILT_PRODUCTS_DIR; };
		8A33B56A2C6B6B602F0E3361 /* Pods-StatesAndTerritoriesUITests.release.xcconfig */ = {isa = PBXFileReference; includeInIndex = 1; lastKnownFileType = text.xcconfig; name = "Pods-StatesAndTerritoriesUITests.release.xcconfig"; path = "Pods/Target Support Files/Pods-StatesAndTerritoriesUITests/Pods-StatesAndTerritoriesUITests.release.xcconfig"; sourceTree = "<group>"; };
		9CCCE3C91024CCC9C37123FB /* Pods_StatesAndTerritoriesUITests.framework */ = {isa = PBXFileReference; explicitFileType = wrapper.framework; includeInIndex = 0; path = Pods_StatesAndTerritoriesUITests.framework; sourceTree = BUILT_PRODUCTS_DIR; };
		B36CE066D32C7E1B4469C014 /* Pods-StatesAndTerritoriesUITests.debug.xcconfig */ = {isa = PBXFileReference; includeInIndex = 1; lastKnownFileType = text.xcconfig; name = "Pods-StatesAndTerritoriesUITests.debug.xcconfig"; path = "Pods/Target Support Files/Pods-StatesAndTerritoriesUITests/Pods-StatesAndTerritoriesUITests.debug.xcconfig"; sourceTree = "<group>"; };
		E0911CDCF58C2BC50D28CD40 /* Pods_StatesAndTerritoriesTests.framework */ = {isa = PBXFileReference; explicitFileType = wrapper.framework; includeInIndex = 0; path = Pods_StatesAndTerritoriesTests.framework; sourceTree = BUILT_PRODUCTS_DIR; };
		E7D5CB1699DD4E00894AEABB /* Pods-StatesAndTerritories.release.xcconfig */ = {isa = PBXFileReference; includeInIndex = 1; lastKnownFileType = text.xcconfig; name = "Pods-StatesAndTerritories.release.xcconfig"; path = "Pods/Target Support Files/Pods-StatesAndTerritories/Pods-StatesAndTerritories.release.xcconfig"; sourceTree = "<group>"; };
/* End PBXFileReference section */

/* Begin PBXFrameworksBuildPhase section */
		119B4D15219CE7C300822507 /* Frameworks */ = {
			isa = PBXFrameworksBuildPhase;
			buildActionMask = 2147483647;
			files = (
				119B4D73219D0CD600822507 /* JRStatesCell.framework in Frameworks */,
				974875B642E47455525A072A /* Pods_StatesAndTerritories.framework in Frameworks */,
			);
			runOnlyForDeploymentPostprocessing = 0;
		};
		119B4D29219CE7C300822507 /* Frameworks */ = {
			isa = PBXFrameworksBuildPhase;
			buildActionMask = 2147483647;
			files = (
				54D83B0854F0D58D7A7F6E1D /* Pods_StatesAndTerritoriesTests.framework in Frameworks */,
			);
			runOnlyForDeploymentPostprocessing = 0;
		};
		119B4D34219CE7C300822507 /* Frameworks */ = {
			isa = PBXFrameworksBuildPhase;
			buildActionMask = 2147483647;
			files = (
				099CF45685D89845580DA542 /* Pods_StatesAndTerritoriesUITests.framework in Frameworks */,
			);
			runOnlyForDeploymentPostprocessing = 0;
		};
/* End PBXFrameworksBuildPhase section */

/* Begin PBXGroup section */
		119B4D0F219CE7C300822507 = {
			isa = PBXGroup;
			children = (
				119B4D6A219D0C7600822507 /* JRStatesCell.xcodeproj */,
				119B4D1A219CE7C300822507 /* StatesAndTerritories */,
				119B4D2F219CE7C300822507 /* StatesAndTerritoriesTests */,
				119B4D3A219CE7C300822507 /* StatesAndTerritoriesUITests */,
				119B4D19219CE7C300822507 /* Products */,
				1DA1312F5D13F894882AD583 /* Pods */,
				9EB4E1BF22CD5D1A1895A28E /* Frameworks */,
			);
			sourceTree = "<group>";
		};
		119B4D19219CE7C300822507 /* Products */ = {
			isa = PBXGroup;
			children = (
				119B4D18219CE7C300822507 /* StatesAndTerritories.app */,
				119B4D2C219CE7C300822507 /* StatesAndTerritoriesTests.xctest */,
				119B4D37219CE7C300822507 /* StatesAndTerritoriesUITests.xctest */,
			);
			name = Products;
			sourceTree = "<group>";
		};
		119B4D1A219CE7C300822507 /* StatesAndTerritories */ = {
			isa = PBXGroup;
			children = (
				119B4D49219CE7D700822507 /* Model */,
				119B4D57219CFAA300822507 /* View */,
				119B4D58219CFAAD00822507 /* ViewModel */,
				119B4D5D219CFC4F00822507 /* Utilities */,
				119B4D1B219CE7C300822507 /* AppDelegate.swift */,
				119B4D1F219CE7C300822507 /* Main.storyboard */,
				119B4D22219CE7C300822507 /* Assets.xcassets */,
				119B4D24219CE7C300822507 /* LaunchScreen.storyboard */,
				119B4D27219CE7C300822507 /* Info.plist */,
			);
			path = StatesAndTerritories;
			sourceTree = "<group>";
		};
		119B4D2F219CE7C300822507 /* StatesAndTerritoriesTests */ = {
			isa = PBXGroup;
			children = (
				119B4D30219CE7C300822507 /* StatesAndTerritoriesTests.swift */,
				119B4D32219CE7C300822507 /* Info.plist */,
			);
			path = StatesAndTerritoriesTests;
			sourceTree = "<group>";
		};
		119B4D3A219CE7C300822507 /* StatesAndTerritoriesUITests */ = {
			isa = PBXGroup;
			children = (
				119B4D3B219CE7C300822507 /* StatesAndTerritoriesUITests.swift */,
				119B4D3D219CE7C300822507 /* Info.plist */,
			);
			path = StatesAndTerritoriesUITests;
			sourceTree = "<group>";
		};
		119B4D49219CE7D700822507 /* Model */ = {
			isa = PBXGroup;
			children = (
				119B4D4F219CE96B00822507 /* State+CoreDataClass.swift */,
				119B4D50219CE96B00822507 /* State+CoreDataProperties.swift */,
				119B4D4A219CE7E600822507 /* Model.xcdatamodeld */,
			);
			path = Model;
			sourceTree = "<group>";
		};
		119B4D57219CFAA300822507 /* View */ = {
			isa = PBXGroup;
			children = (
				119B4D1D219CE7C300822507 /* StatesViewController.swift */,
			);
			path = View;
			sourceTree = "<group>";
		};
		119B4D58219CFAAD00822507 /* ViewModel */ = {
			isa = PBXGroup;
			children = (
				119B4D59219CFADA00822507 /* StatesViewModel.swift */,
			);
			path = ViewModel;
			sourceTree = "<group>";
		};
		119B4D5D219CFC4F00822507 /* Utilities */ = {
			isa = PBXGroup;
			children = (
				119B4D5E219CFD9300822507 /* CoreDataAPI.swift */,
				119B4D5F219CFD9300822507 /* WebServiceAPI.swift */,
				119B4D66219D099500822507 /* String+KMtoMiles.swift */,
			);
			path = Utilities;
			sourceTree = "<group>";
		};
		119B4D6B219D0C7600822507 /* Products */ = {
			isa = PBXGroup;
			children = (
				119B4D70219D0C7600822507 /* JRStatesCell.framework */,
				119B4D72219D0C7600822507 /* JRStatesCellTests.xctest */,
			);
			name = Products;
			sourceTree = "<group>";
		};
		1DA1312F5D13F894882AD583 /* Pods */ = {
			isa = PBXGroup;
			children = (
				37EBEEA1E09EAC22FD58B7DB /* Pods-StatesAndTerritories.debug.xcconfig */,
				E7D5CB1699DD4E00894AEABB /* Pods-StatesAndTerritories.release.xcconfig */,
				1DA0C55910302689F3B2F318 /* Pods-StatesAndTerritoriesTests.debug.xcconfig */,
				18FA035A99B6355E6B160AA6 /* Pods-StatesAndTerritoriesTests.release.xcconfig */,
				B36CE066D32C7E1B4469C014 /* Pods-StatesAndTerritoriesUITests.debug.xcconfig */,
				8A33B56A2C6B6B602F0E3361 /* Pods-StatesAndTerritoriesUITests.release.xcconfig */,
			);
			name = Pods;
			sourceTree = "<group>";
		};
		9EB4E1BF22CD5D1A1895A28E /* Frameworks */ = {
			isa = PBXGroup;
			children = (
				59EE457D187370CCE5D8EC23 /* Pods_StatesAndTerritories.framework */,
				E0911CDCF58C2BC50D28CD40 /* Pods_StatesAndTerritoriesTests.framework */,
				9CCCE3C91024CCC9C37123FB /* Pods_StatesAndTerritoriesUITests.framework */,
			);
			name = Frameworks;
			sourceTree = "<group>";
		};
/* End PBXGroup section */

/* Begin PBXNativeTarget section */
		119B4D17219CE7C300822507 /* StatesAndTerritories */ = {
			isa = PBXNativeTarget;
			buildConfigurationList = 119B4D40219CE7C300822507 /* Build configuration list for PBXNativeTarget "StatesAndTerritories" */;
			buildPhases = (
				0ADFB3B1420320AAAC47934A /* [CP] Check Pods Manifest.lock */,
				119B4D14219CE7C300822507 /* Sources */,
				119B4D15219CE7C300822507 /* Frameworks */,
				119B4D16219CE7C300822507 /* Resources */,
				C81CB370C063D1B367C1DCFE /* [CP] Embed Pods Frameworks */,
				119B4D77219D0CD600822507 /* Embed Frameworks */,
			);
			buildRules = (
			);
			dependencies = (
				119B4D76219D0CD600822507 /* PBXTargetDependency */,
			);
			name = StatesAndTerritories;
			productName = StatesAndTerritories;
			productReference = 119B4D18219CE7C300822507 /* StatesAndTerritories.app */;
			productType = "com.apple.product-type.application";
		};
		119B4D2B219CE7C300822507 /* StatesAndTerritoriesTests */ = {
			isa = PBXNativeTarget;
			buildConfigurationList = 119B4D43219CE7C300822507 /* Build configuration list for PBXNativeTarget "StatesAndTerritoriesTests" */;
			buildPhases = (
				A6BBB735EA2353EF1D01006E /* [CP] Check Pods Manifest.lock */,
				119B4D28219CE7C300822507 /* Sources */,
				119B4D29219CE7C300822507 /* Frameworks */,
				119B4D2A219CE7C300822507 /* Resources */,
			);
			buildRules = (
			);
			dependencies = (
				119B4D2E219CE7C300822507 /* PBXTargetDependency */,
			);
			name = StatesAndTerritoriesTests;
			productName = StatesAndTerritoriesTests;
			productReference = 119B4D2C219CE7C300822507 /* StatesAndTerritoriesTests.xctest */;
			productType = "com.apple.product-type.bundle.unit-test";
		};
		119B4D36219CE7C300822507 /* StatesAndTerritoriesUITests */ = {
			isa = PBXNativeTarget;
			buildConfigurationList = 119B4D46219CE7C300822507 /* Build configuration list for PBXNativeTarget "StatesAndTerritoriesUITests" */;
			buildPhases = (
				A29C0625B3A71A63ABA3C2ED /* [CP] Check Pods Manifest.lock */,
				119B4D33219CE7C300822507 /* Sources */,
				119B4D34219CE7C300822507 /* Frameworks */,
				119B4D35219CE7C300822507 /* Resources */,
			);
			buildRules = (
			);
			dependencies = (
				119B4D39219CE7C300822507 /* PBXTargetDependency */,
			);
			name = StatesAndTerritoriesUITests;
			productName = StatesAndTerritoriesUITests;
			productReference = 119B4D37219CE7C300822507 /* StatesAndTerritoriesUITests.xctest */;
			productType = "com.apple.product-type.bundle.ui-testing";
		};
/* End PBXNativeTarget section */

/* Begin PBXProject section */
		119B4D10219CE7C300822507 /* Project object */ = {
			isa = PBXProject;
			attributes = {
				LastSwiftUpdateCheck = 1010;
				LastUpgradeCheck = 1010;
				ORGANIZATIONNAME = "Jovito Royeca";
				TargetAttributes = {
					119B4D17219CE7C300822507 = {
						CreatedOnToolsVersion = 10.1;
					};
					119B4D2B219CE7C300822507 = {
						CreatedOnToolsVersion = 10.1;
						TestTargetID = 119B4D17219CE7C300822507;
					};
					119B4D36219CE7C300822507 = {
						CreatedOnToolsVersion = 10.1;
						TestTargetID = 119B4D17219CE7C300822507;
					};
				};
			};
			buildConfigurationList = 119B4D13219CE7C300822507 /* Build configuration list for PBXProject "StatesAndTerritories" */;
			compatibilityVersion = "Xcode 9.3";
			developmentRegion = en;
			hasScannedForEncodings = 0;
			knownRegions = (
				en,
				Base,
			);
			mainGroup = 119B4D0F219CE7C300822507;
			productRefGroup = 119B4D19219CE7C300822507 /* Products */;
			projectDirPath = "";
			projectReferences = (
				{
					ProductGroup = 119B4D6B219D0C7600822507 /* Products */;
					ProjectRef = 119B4D6A219D0C7600822507 /* JRStatesCell.xcodeproj */;
				},
			);
			projectRoot = "";
			targets = (
				119B4D17219CE7C300822507 /* StatesAndTerritories */,
				119B4D2B219CE7C300822507 /* StatesAndTerritoriesTests */,
				119B4D36219CE7C300822507 /* StatesAndTerritoriesUITests */,
			);
		};
/* End PBXProject section */

/* Begin PBXReferenceProxy section */
		119B4D70219D0C7600822507 /* JRStatesCell.framework */ = {
			isa = PBXReferenceProxy;
			fileType = wrapper.framework;
			path = JRStatesCell.framework;
			remoteRef = 119B4D6F219D0C7600822507 /* PBXContainerItemProxy */;
			sourceTree = BUILT_PRODUCTS_DIR;
		};
		119B4D72219D0C7600822507 /* JRStatesCellTests.xctest */ = {
			isa = PBXReferenceProxy;
			fileType = wrapper.cfbundle;
			path = JRStatesCellTests.xctest;
			remoteRef = 119B4D71219D0C7600822507 /* PBXContainerItemProxy */;
			sourceTree = BUILT_PRODUCTS_DIR;
		};
/* End PBXReferenceProxy section */

/* Begin PBXResourcesBuildPhase section */
		119B4D16219CE7C300822507 /* Resources */ = {
			isa = PBXResourcesBuildPhase;
			buildActionMask = 2147483647;
			files = (
				119B4D26219CE7C300822507 /* LaunchScreen.storyboard in Resources */,
				119B4D23219CE7C300822507 /* Assets.xcassets in Resources */,
				119B4D21219CE7C300822507 /* Main.storyboard in Resources */,
			);
			runOnlyForDeploymentPostprocessing = 0;
		};
		119B4D2A219CE7C300822507 /* Resources */ = {
			isa = PBXResourcesBuildPhase;
			buildActionMask = 2147483647;
			files = (
			);
			runOnlyForDeploymentPostprocessing = 0;
		};
		119B4D35219CE7C300822507 /* Resources */ = {
			isa = PBXResourcesBuildPhase;
			buildActionMask = 2147483647;
			files = (
			);
			runOnlyForDeploymentPostprocessing = 0;
		};
/* End PBXResourcesBuildPhase section */

/* Begin PBXShellScriptBuildPhase section */
		0ADFB3B1420320AAAC47934A /* [CP] Check Pods Manifest.lock */ = {
			isa = PBXShellScriptBuildPhase;
			buildActionMask = 2147483647;
			files = (
			);
			inputPaths = (
				"${PODS_PODFILE_DIR_PATH}/Podfile.lock",
				"${PODS_ROOT}/Manifest.lock",
			);
			name = "[CP] Check Pods Manifest.lock";
			outputPaths = (
				"$(DERIVED_FILE_DIR)/Pods-StatesAndTerritories-checkManifestLockResult.txt",
			);
			runOnlyForDeploymentPostprocessing = 0;
			shellPath = /bin/sh;
			shellScript = "diff \"${PODS_PODFILE_DIR_PATH}/Podfile.lock\" \"${PODS_ROOT}/Manifest.lock\" > /dev/null\nif [ $? != 0 ] ; then\n    # print error to STDERR\n    echo \"error: The sandbox is not in sync with the Podfile.lock. Run 'pod install' or update your CocoaPods installation.\" >&2\n    exit 1\nfi\n# This output is used by Xcode 'outputs' to avoid re-running this script phase.\necho \"SUCCESS\" > \"${SCRIPT_OUTPUT_FILE_0}\"\n";
			showEnvVarsInLog = 0;
		};
		A29C0625B3A71A63ABA3C2ED /* [CP] Check Pods Manifest.lock */ = {
			isa = PBXShellScriptBuildPhase;
			buildActionMask = 2147483647;
			files = (
			);
			inputPaths = (
				"${PODS_PODFILE_DIR_PATH}/Podfile.lock",
				"${PODS_ROOT}/Manifest.lock",
			);
			name = "[CP] Check Pods Manifest.lock";
			outputPaths = (
				"$(DERIVED_FILE_DIR)/Pods-StatesAndTerritoriesUITests-checkManifestLockResult.txt",
			);
			runOnlyForDeploymentPostprocessing = 0;
			shellPath = /bin/sh;
			shellScript = "diff \"${PODS_PODFILE_DIR_PATH}/Podfile.lock\" \"${PODS_ROOT}/Manifest.lock\" > /dev/null\nif [ $? != 0 ] ; then\n    # print error to STDERR\n    echo \"error: The sandbox is not in sync with the Podfile.lock. Run 'pod install' or update your CocoaPods installation.\" >&2\n    exit 1\nfi\n# This output is used by Xcode 'outputs' to avoid re-running this script phase.\necho \"SUCCESS\" > \"${SCRIPT_OUTPUT_FILE_0}\"\n";
			showEnvVarsInLog = 0;
		};
		A6BBB735EA2353EF1D01006E /* [CP] Check Pods Manifest.lock */ = {
			isa = PBXShellScriptBuildPhase;
			buildActionMask = 2147483647;
			files = (
			);
			inputPaths = (
				"${PODS_PODFILE_DIR_PATH}/Podfile.lock",
				"${PODS_ROOT}/Manifest.lock",
			);
			name = "[CP] Check Pods Manifest.lock";
			outputPaths = (
				"$(DERIVED_FILE_DIR)/Pods-StatesAndTerritoriesTests-checkManifestLockResult.txt",
			);
			runOnlyForDeploymentPostprocessing = 0;
			shellPath = /bin/sh;
			shellScript = "diff \"${PODS_PODFILE_DIR_PATH}/Podfile.lock\" \"${PODS_ROOT}/Manifest.lock\" > /dev/null\nif [ $? != 0 ] ; then\n    # print error to STDERR\n    echo \"error: The sandbox is not in sync with the Podfile.lock. Run 'pod install' or update your CocoaPods installation.\" >&2\n    exit 1\nfi\n# This output is used by Xcode 'outputs' to avoid re-running this script phase.\necho \"SUCCESS\" > \"${SCRIPT_OUTPUT_FILE_0}\"\n";
			showEnvVarsInLog = 0;
		};
		C81CB370C063D1B367C1DCFE /* [CP] Embed Pods Frameworks */ = {
			isa = PBXShellScriptBuildPhase;
			buildActionMask = 2147483647;
			files = (
			);
			inputPaths = (
				"${SRCROOT}/Pods/Target Support Files/Pods-StatesAndTerritories/Pods-StatesAndTerritories-frameworks.sh",
				"${BUILT_PRODUCTS_DIR}/FontAwesome.swift/FontAwesome_swift.framework",
				"${BUILT_PRODUCTS_DIR}/MBProgressHUD/MBProgressHUD.framework",
				"${BUILT_PRODUCTS_DIR}/PromiseKit/PromiseKit.framework",
				"${BUILT_PRODUCTS_DIR}/Sync/Sync.framework",
			);
			name = "[CP] Embed Pods Frameworks";
			outputPaths = (
				"${TARGET_BUILD_DIR}/${FRAMEWORKS_FOLDER_PATH}/FontAwesome_swift.framework",
				"${TARGET_BUILD_DIR}/${FRAMEWORKS_FOLDER_PATH}/MBProgressHUD.framework",
				"${TARGET_BUILD_DIR}/${FRAMEWORKS_FOLDER_PATH}/PromiseKit.framework",
				"${TARGET_BUILD_DIR}/${FRAMEWORKS_FOLDER_PATH}/Sync.framework",
			);
			runOnlyForDeploymentPostprocessing = 0;
			shellPath = /bin/sh;
			shellScript = "\"${SRCROOT}/Pods/Target Support Files/Pods-StatesAndTerritories/Pods-StatesAndTerritories-frameworks.sh\"\n";
			showEnvVarsInLog = 0;
		};
/* End PBXShellScriptBuildPhase section */

/* Begin PBXSourcesBuildPhase section */
		119B4D14219CE7C300822507 /* Sources */ = {
			isa = PBXSourcesBuildPhase;
			buildActionMask = 2147483647;
			files = (
				119B4D1E219CE7C300822507 /* StatesViewController.swift in Sources */,
				119B4D54219CE96B00822507 /* State+CoreDataProperties.swift in Sources */,
				119B4D5A219CFADA00822507 /* StatesViewModel.swift in Sources */,
				119B4D60219CFD9300822507 /* CoreDataAPI.swift in Sources */,
				119B4D51219CE96B00822507 /* State+CoreDataClass.swift in Sources */,
				119B4D67219D099500822507 /* String+KMtoMiles.swift in Sources */,
				119B4D1C219CE7C300822507 /* AppDelegate.swift in Sources */,
				119B4D4C219CE7E600822507 /* Model.xcdatamodeld in Sources */,
				119B4D63219CFD9300822507 /* WebServiceAPI.swift in Sources */,
			);
			runOnlyForDeploymentPostprocessing = 0;
		};
		119B4D28219CE7C300822507 /* Sources */ = {
			isa = PBXSourcesBuildPhase;
			buildActionMask = 2147483647;
			files = (
				119B4D31219CE7C300822507 /* StatesAndTerritoriesTests.swift in Sources */,
				119B4D64219CFD9300822507 /* WebServiceAPI.swift in Sources */,
				119B4D61219CFD9300822507 /* CoreDataAPI.swift in Sources */,
				119B4D55219CE96B00822507 /* State+CoreDataProperties.swift in Sources */,
				119B4D68219D099500822507 /* String+KMtoMiles.swift in Sources */,
				119B4D5B219CFADA00822507 /* StatesViewModel.swift in Sources */,
				119B4D52219CE96B00822507 /* State+CoreDataClass.swift in Sources */,
				119B4D4D219CE7E600822507 /* Model.xcdatamodeld in Sources */,
			);
			runOnlyForDeploymentPostprocessing = 0;
		};
		119B4D33219CE7C300822507 /* Sources */ = {
			isa = PBXSourcesBuildPhase;
			buildActionMask = 2147483647;
			files = (
				119B4D3C219CE7C300822507 /* StatesAndTerritoriesUITests.swift in Sources */,
				119B4D65219CFD9300822507 /* WebServiceAPI.swift in Sources */,
				119B4D62219CFD9300822507 /* CoreDataAPI.swift in Sources */,
				119B4D56219CE96B00822507 /* State+CoreDataProperties.swift in Sources */,
				119B4D69219D099500822507 /* String+KMtoMiles.swift in Sources */,
				119B4D5C219CFADA00822507 /* StatesViewModel.swift in Sources */,
				119B4D53219CE96B00822507 /* State+CoreDataClass.swift in Sources */,
				119B4D4E219CE7E600822507 /* Model.xcdatamodeld in Sources */,
			);
			runOnlyForDeploymentPostprocessing = 0;
		};
/* End PBXSourcesBuildPhase section */

/* Begin PBXTargetDependency section */
		119B4D2E219CE7C300822507 /* PBXTargetDependency */ = {
			isa = PBXTargetDependency;
			target = 119B4D17219CE7C300822507 /* StatesAndTerritories */;
			targetProxy = 119B4D2D219CE7C300822507 /* PBXContainerItemProxy */;
		};
		119B4D39219CE7C300822507 /* PBXTargetDependency */ = {
			isa = PBXTargetDependency;
			target = 119B4D17219CE7C300822507 /* StatesAndTerritories */;
			targetProxy = 119B4D38219CE7C300822507 /* PBXContainerItemProxy */;
		};
		119B4D76219D0CD600822507 /* PBXTargetDependency */ = {
			isa = PBXTargetDependency;
			name = JRStatesCell;
			targetProxy = 119B4D75219D0CD600822507 /* PBXContainerItemProxy */;
		};
/* End PBXTargetDependency section */

/* Begin PBXVariantGroup section */
		119B4D1F219CE7C300822507 /* Main.storyboard */ = {
			isa = PBXVariantGroup;
			children = (
				119B4D20219CE7C300822507 /* Base */,
			);
			name = Main.storyboard;
			sourceTree = "<group>";
		};
		119B4D24219CE7C300822507 /* LaunchScreen.storyboard */ = {
			isa = PBXVariantGroup;
			children = (
				119B4D25219CE7C300822507 /* Base */,
			);
			name = LaunchScreen.storyboard;
			sourceTree = "<group>";
		};
/* End PBXVariantGroup section */

/* Begin XCBuildConfiguration section */
		119B4D3E219CE7C300822507 /* Debug */ = {
			isa = XCBuildConfiguration;
			buildSettings = {
				ALWAYS_SEARCH_USER_PATHS = NO;
				CLANG_ANALYZER_NONNULL = YES;
				CLANG_ANALYZER_NUMBER_OBJECT_CONVERSION = YES_AGGRESSIVE;
				CLANG_CXX_LANGUAGE_STANDARD = "gnu++14";
				CLANG_CXX_LIBRARY = "libc++";
				CLANG_ENABLE_MODULES = YES;
				CLANG_ENABLE_OBJC_ARC = YES;
				CLANG_ENABLE_OBJC_WEAK = YES;
				CLANG_WARN_BLOCK_CAPTURE_AUTORELEASING = YES;
				CLANG_WARN_BOOL_CONVERSION = YES;
				CLANG_WARN_COMMA = YES;
				CLANG_WARN_CONSTANT_CONVERSION = YES;
				CLANG_WARN_DEPRECATED_OBJC_IMPLEMENTATIONS = YES;
				CLANG_WARN_DIRECT_OBJC_ISA_USAGE = YES_ERROR;
				CLANG_WARN_DOCUMENTATION_COMMENTS = YES;
				CLANG_WARN_EMPTY_BODY = YES;
				CLANG_WARN_ENUM_CONVERSION = YES;
				CLANG_WARN_INFINITE_RECURSION = YES;
				CLANG_WARN_INT_CONVERSION = YES;
				CLANG_WARN_NON_LITERAL_NULL_CONVERSION = YES;
				CLANG_WARN_OBJC_IMPLICIT_RETAIN_SELF = YES;
				CLANG_WARN_OBJC_LITERAL_CONVERSION = YES;
				CLANG_WARN_OBJC_ROOT_CLASS = YES_ERROR;
				CLANG_WARN_RANGE_LOOP_ANALYSIS = YES;
				CLANG_WARN_STRICT_PROTOTYPES = YES;
				CLANG_WARN_SUSPICIOUS_MOVE = YES;
				CLANG_WARN_UNGUARDED_AVAILABILITY = YES_AGGRESSIVE;
				CLANG_WARN_UNREACHABLE_CODE = YES;
				CLANG_WARN__DUPLICATE_METHOD_MATCH = YES;
				CODE_SIGN_IDENTITY = "iPhone Developer";
				COPY_PHASE_STRIP = NO;
				DEBUG_INFORMATION_FORMAT = dwarf;
				ENABLE_STRICT_OBJC_MSGSEND = YES;
				ENABLE_TESTABILITY = YES;
				GCC_C_LANGUAGE_STANDARD = gnu11;
				GCC_DYNAMIC_NO_PIC = NO;
				GCC_NO_COMMON_BLOCKS = YES;
				GCC_OPTIMIZATION_LEVEL = 0;
				GCC_PREPROCESSOR_DEFINITIONS = (
					"DEBUG=1",
					"$(inherited)",
				);
				GCC_WARN_64_TO_32_BIT_CONVERSION = YES;
				GCC_WARN_ABOUT_RETURN_TYPE = YES_ERROR;
				GCC_WARN_UNDECLARED_SELECTOR = YES;
				GCC_WARN_UNINITIALIZED_AUTOS = YES_AGGRESSIVE;
				GCC_WARN_UNUSED_FUNCTION = YES;
				GCC_WARN_UNUSED_VARIABLE = YES;
				IPHONEOS_DEPLOYMENT_TARGET = 12.1;
				MTL_ENABLE_DEBUG_INFO = INCLUDE_SOURCE;
				MTL_FAST_MATH = YES;
				ONLY_ACTIVE_ARCH = YES;
				SDKROOT = iphoneos;
				SWIFT_ACTIVE_COMPILATION_CONDITIONS = DEBUG;
				SWIFT_OPTIMIZATION_LEVEL = "-Onone";
			};
			name = Debug;
		};
		119B4D3F219CE7C300822507 /* Release */ = {
			isa = XCBuildConfiguration;
			buildSettings = {
				ALWAYS_SEARCH_USER_PATHS = NO;
				CLANG_ANALYZER_NONNULL = YES;
				CLANG_ANALYZER_NUMBER_OBJECT_CONVERSION = YES_AGGRESSIVE;
				CLANG_CXX_LANGUAGE_STANDARD = "gnu++14";
				CLANG_CXX_LIBRARY = "libc++";
				CLANG_ENABLE_MODULES = YES;
				CLANG_ENABLE_OBJC_ARC = YES;
				CLANG_ENABLE_OBJC_WEAK = YES;
				CLANG_WARN_BLOCK_CAPTURE_AUTORELEASING = YES;
				CLANG_WARN_BOOL_CONVERSION = YES;
				CLANG_WARN_COMMA = YES;
				CLANG_WARN_CONSTANT_CONVERSION = YES;
				CLANG_WARN_DEPRECATED_OBJC_IMPLEMENTATIONS = YES;
				CLANG_WARN_DIRECT_OBJC_ISA_USAGE = YES_ERROR;
				CLANG_WARN_DOCUMENTATION_COMMENTS = YES;
				CLANG_WARN_EMPTY_BODY = YES;
				CLANG_WARN_ENUM_CONVERSION = YES;
				CLANG_WARN_INFINITE_RECURSION = YES;
				CLANG_WARN_INT_CONVERSION = YES;
				CLANG_WARN_NON_LITERAL_NULL_CONVERSION = YES;
				CLANG_WARN_OBJC_IMPLICIT_RETAIN_SELF = YES;
				CLANG_WARN_OBJC_LITERAL_CONVERSION = YES;
				CLANG_WARN_OBJC_ROOT_CLASS = YES_ERROR;
				CLANG_WARN_RANGE_LOOP_ANALYSIS = YES;
				CLANG_WARN_STRICT_PROTOTYPES = YES;
				CLANG_WARN_SUSPICIOUS_MOVE = YES;
				CLANG_WARN_UNGUARDED_AVAILABILITY = YES_AGGRESSIVE;
				CLANG_WARN_UNREACHABLE_CODE = YES;
				CLANG_WARN__DUPLICATE_METHOD_MATCH = YES;
				CODE_SIGN_IDENTITY = "iPhone Developer";
				COPY_PHASE_STRIP = NO;
				DEBUG_INFORMATION_FORMAT = "dwarf-with-dsym";
				ENABLE_NS_ASSERTIONS = NO;
				ENABLE_STRICT_OBJC_MSGSEND = YES;
				GCC_C_LANGUAGE_STANDARD = gnu11;
				GCC_NO_COMMON_BLOCKS = YES;
				GCC_WARN_64_TO_32_BIT_CONVERSION = YES;
				GCC_WARN_ABOUT_RETURN_TYPE = YES_ERROR;
				GCC_WARN_UNDECLARED_SELECTOR = YES;
				GCC_WARN_UNINITIALIZED_AUTOS = YES_AGGRESSIVE;
				GCC_WARN_UNUSED_FUNCTION = YES;
				GCC_WARN_UNUSED_VARIABLE = YES;
				IPHONEOS_DEPLOYMENT_TARGET = 12.1;
				MTL_ENABLE_DEBUG_INFO = NO;
				MTL_FAST_MATH = YES;
				SDKROOT = iphoneos;
				SWIFT_COMPILATION_MODE = wholemodule;
				SWIFT_OPTIMIZATION_LEVEL = "-O";
				VALIDATE_PRODUCT = YES;
			};
			name = Release;
		};
		119B4D41219CE7C300822507 /* Debug */ = {
			isa = XCBuildConfiguration;
			baseConfigurationReference = 37EBEEA1E09EAC22FD58B7DB /* Pods-StatesAndTerritories.debug.xcconfig */;
			buildSettings = {
				ALWAYS_EMBED_SWIFT_STANDARD_LIBRARIES = YES;
				ASSETCATALOG_COMPILER_APPICON_NAME = AppIcon;
				CODE_SIGN_STYLE = Automatic;
				INFOPLIST_FILE = StatesAndTerritories/Info.plist;
				LD_RUNPATH_SEARCH_PATHS = (
					"$(inherited)",
					"@executable_path/Frameworks",
				);
				PRODUCT_BUNDLE_IDENTIFIER = com.jovitoroyeca.StatesAndTerritories;
				PRODUCT_NAME = "$(TARGET_NAME)";
				SWIFT_VERSION = 4.2;
				TARGETED_DEVICE_FAMILY = "1,2";
			};
			name = Debug;
		};
		119B4D42219CE7C300822507 /* Release */ = {
			isa = XCBuildConfiguration;
			baseConfigurationReference = E7D5CB1699DD4E00894AEABB /* Pods-StatesAndTerritories.release.xcconfig */;
			buildSettings = {
				ALWAYS_EMBED_SWIFT_STANDARD_LIBRARIES = YES;
				ASSETCATALOG_COMPILER_APPICON_NAME = AppIcon;
				CODE_SIGN_STYLE = Automatic;
				INFOPLIST_FILE = StatesAndTerritories/Info.plist;
				LD_RUNPATH_SEARCH_PATHS = (
					"$(inherited)",
					"@executable_path/Frameworks",
				);
				PRODUCT_BUNDLE_IDENTIFIER = com.jovitoroyeca.StatesAndTerritories;
				PRODUCT_NAME = "$(TARGET_NAME)";
				SWIFT_VERSION = 4.2;
				TARGETED_DEVICE_FAMILY = "1,2";
			};
			name = Release;
		};
		119B4D44219CE7C300822507 /* Debug */ = {
			isa = XCBuildConfiguration;
			baseConfigurationReference = 1DA0C55910302689F3B2F318 /* Pods-StatesAndTerritoriesTests.debug.xcconfig */;
			buildSettings = {
				ALWAYS_EMBED_SWIFT_STANDARD_LIBRARIES = YES;
				BUNDLE_LOADER = "$(TEST_HOST)";
				CODE_SIGN_STYLE = Automatic;
				INFOPLIST_FILE = StatesAndTerritoriesTests/Info.plist;
				LD_RUNPATH_SEARCH_PATHS = (
					"$(inherited)",
					"@executable_path/Frameworks",
					"@loader_path/Frameworks",
				);
				PRODUCT_BUNDLE_IDENTIFIER = com.jovitoroyeca.StatesAndTerritoriesTests;
				PRODUCT_NAME = "$(TARGET_NAME)";
				SWIFT_VERSION = 4.2;
				TARGETED_DEVICE_FAMILY = "1,2";
				TEST_HOST = "$(BUILT_PRODUCTS_DIR)/StatesAndTerritories.app/StatesAndTerritories";
			};
			name = Debug;
		};
		119B4D45219CE7C300822507 /* Release */ = {
			isa = XCBuildConfiguration;
			baseConfigurationReference = 18FA035A99B6355E6B160AA6 /* Pods-StatesAndTerritoriesTests.release.xcconfig */;
			buildSettings = {
				ALWAYS_EMBED_SWIFT_STANDARD_LIBRARIES = YES;
				BUNDLE_LOADER = "$(TEST_HOST)";
				CODE_SIGN_STYLE = Automatic;
				INFOPLIST_FILE = StatesAndTerritoriesTests/Info.plist;
				LD_RUNPATH_SEARCH_PATHS = (
					"$(inherited)",
					"@executable_path/Frameworks",
					"@loader_path/Frameworks",
				);
				PRODUCT_BUNDLE_IDENTIFIER = com.jovitoroyeca.StatesAndTerritoriesTests;
				PRODUCT_NAME = "$(TARGET_NAME)";
				SWIFT_VERSION = 4.2;
				TARGETED_DEVICE_FAMILY = "1,2";
				TEST_HOST = "$(BUILT_PRODUCTS_DIR)/StatesAndTerritories.app/StatesAndTerritories";
			};
			name = Release;
		};
		119B4D47219CE7C300822507 /* Debug */ = {
			isa = XCBuildConfiguration;
			baseConfigurationReference = B36CE066D32C7E1B4469C014 /* Pods-StatesAndTerritoriesUITests.debug.xcconfig */;
			buildSettings = {
				ALWAYS_EMBED_SWIFT_STANDARD_LIBRARIES = YES;
				CODE_SIGN_STYLE = Automatic;
				INFOPLIST_FILE = StatesAndTerritoriesUITests/Info.plist;
				LD_RUNPATH_SEARCH_PATHS = (
					"$(inherited)",
					"@executable_path/Frameworks",
					"@loader_path/Frameworks",
				);
				PRODUCT_BUNDLE_IDENTIFIER = com.jovitoroyeca.StatesAndTerritoriesUITests;
				PRODUCT_NAME = "$(TARGET_NAME)";
				SWIFT_VERSION = 4.2;
				TARGETED_DEVICE_FAMILY = "1,2";
				TEST_TARGET_NAME = StatesAndTerritories;
			};
			name = Debug;
		};
		119B4D48219CE7C300822507 /* Release */ = {
			isa = XCBuildConfiguration;
			baseConfigurationReference = 8A33B56A2C6B6B602F0E3361 /* Pods-StatesAndTerritoriesUITests.release.xcconfig */;
			buildSettings = {
				ALWAYS_EMBED_SWIFT_STANDARD_LIBRARIES = YES;
				CODE_SIGN_STYLE = Automatic;
				INFOPLIST_FILE = StatesAndTerritoriesUITests/Info.plist;
				LD_RUNPATH_SEARCH_PATHS = (
					"$(inherited)",
					"@executable_path/Frameworks",
					"@loader_path/Frameworks",
				);
				PRODUCT_BUNDLE_IDENTIFIER = com.jovitoroyeca.StatesAndTerritoriesUITests;
				PRODUCT_NAME = "$(TARGET_NAME)";
				SWIFT_VERSION = 4.2;
				TARGETED_DEVICE_FAMILY = "1,2";
				TEST_TARGET_NAME = StatesAndTerritories;
			};
			name = Release;
		};
/* End XCBuildConfiguration section */

/* Begin XCConfigurationList section */
		119B4D13219CE7C300822507 /* Build configuration list for PBXProject "StatesAndTerritories" */ = {
			isa = XCConfigurationList;
			buildConfigurations = (
				119B4D3E219CE7C300822507 /* Debug */,
				119B4D3F219CE7C300822507 /* Release */,
			);
			defaultConfigurationIsVisible = 0;
			defaultConfigurationName = Release;
		};
		119B4D40219CE7C300822507 /* Build configuration list for PBXNativeTarget "StatesAndTerritories" */ = {
			isa = XCConfigurationList;
			buildConfigurations = (
				119B4D41219CE7C300822507 /* Debug */,
				119B4D42219CE7C300822507 /* Release */,
			);
			defaultConfigurationIsVisible = 0;
			defaultConfigurationName = Release;
		};
		119B4D43219CE7C300822507 /* Build configuration list for PBXNativeTarget "StatesAndTerritoriesTests" */ = {
			isa = XCConfigurationList;
			buildConfigurations = (
				119B4D44219CE7C300822507 /* Debug */,
				119B4D45219CE7C300822507 /* Release */,
			);
			defaultConfigurationIsVisible = 0;
			defaultConfigurationName = Release;
		};
		119B4D46219CE7C300822507 /* Build configuration list for PBXNativeTarget "StatesAndTerritoriesUITests" */ = {
			isa = XCConfigurationList;
			buildConfigurations = (
				119B4D47219CE7C300822507 /* Debug */,
				119B4D48219CE7C300822507 /* Release */,
			);
			defaultConfigurationIsVisible = 0;
			defaultConfigurationName = Release;
		};
/* End XCConfigurationList section */

/* Begin XCVersionGroup section */
		119B4D4A219CE7E600822507 /* Model.xcdatamodeld */ = {
			isa = XCVersionGroup;
			children = (
				119B4D4B219CE7E600822507 /* Model.xcdatamodel */,
			);
			currentVersion = 119B4D4B219CE7E600822507 /* Model.xcdatamodel */;
			path = Model.xcdatamodeld;
			sourceTree = "<group>";
			versionGroupType = wrapper.xcdatamodel;
		};
/* End XCVersionGroup section */
	};
	rootObject = 119B4D10219CE7C300822507 /* Project object */;
}
